<?xml version="1.0" encoding="utf-8"?>
<Project ToolsVersion="4.0" xmlns="http://schemas.microsoft.com/developer/msbuild/2003">
  <ItemGroup>
    <Filter Include="Source Files">
      <UniqueIdentifier>{4FC737F1-C7A5-4376-A066-2A32D752A2FF}</UniqueIdentifier>
      <Extensions>cpp;c;cc;cxx;def;odl;idl;hpj;bat;asm;asmx</Extensions>
    </Filter>
    <Filter Include="Header Files">
      <UniqueIdentifier>{93995380-89BD-4b04-88EB-625FBE52EBFB}</UniqueIdentifier>
      <Extensions>h;hh;hpp;hxx;hm;inl;inc;xsd</Extensions>
    </Filter>
    <Filter Include="Resource Files">
      <UniqueIdentifier>{D9D6E242-F8AF-46E4-B9FD-80ECBC20BA3E}</UniqueIdentifier>
      <Extensions>qrc;*</Extensions>
      <ParseFiles>false</ParseFiles>
    </Filter>
    <Filter Include="Resource Files">
      <UniqueIdentifier>{D9D6E242-F8AF-46E4-B9FD-80ECBC20BA3E}</UniqueIdentifier>
      <Extensions>qrc;*</Extensions>
      <ParseFiles>false</ParseFiles>
    </Filter>
    <Filter Include="Generated Files">
      <UniqueIdentifier>{71ED8ED8-ACB9-4CE9-BBE1-E00B30144E11}</UniqueIdentifier>
      <Extensions>moc;h;cpp</Extensions>
      <SourceControlFiles>False</SourceControlFiles>
    </Filter>
    <Filter Include="Generated Files\Debug">
      <UniqueIdentifier>{4a2bc0ea-6b77-42a8-b8db-d389b44d118a}</UniqueIdentifier>
      <Extensions>cpp;moc</Extensions>
      <SourceControlFiles>False</SourceControlFiles>
    </Filter>
    <Filter Include="Generated Files\Release">
      <UniqueIdentifier>{89e1f481-6f08-43a8-82b5-ea421663ec29}</UniqueIdentifier>
      <Extensions>cpp;moc</Extensions>
      <SourceControlFiles>False</SourceControlFiles>
    </Filter>
    <Filter Include="Form Files">
      <UniqueIdentifier>{99349809-55BA-4b9d-BF79-8FDBB0286EB3}</UniqueIdentifier>
      <Extensions>ui</Extensions>
      <ParseFiles>true</ParseFiles>
    </Filter>
  </ItemGroup>
  <ItemGroup>
    <CustomBuild Include="messagebox\msgbox.h">
      <Filter>Header Files</Filter>
    </CustomBuild>
    <CustomBuild Include="toast\stoast.h">
      <Filter>Header Files</Filter>
    </CustomBuild>
    <CustomBuild Include="ui\imageclipform.ui">
      <Filter>Form Files</Filter>
    </CustomBuild>
    <CustomBuild Include="ui\imageviewform.ui">
      <Filter>Form Files</Filter>
    </CustomBuild>
    <CustomBuild Include="ui\imageviewtoolform.ui">
      <Filter>Form Files</Filter>
    </CustomBuild>
    <CustomBuild Include="common\base\basewindow.h">
      <Filter>Header Files</Filter>
    </CustomBuild>
    <CustomBuild Include="image_clip\imageclipform.h">
      <Filter>Header Files</Filter>
    </CustomBuild>
    <CustomBuild Include="painter\paint_image.h">
      <Filter>Header Files</Filter>
    </CustomBuild>
    <CustomBuild Include="ui\msgbox.ui">
      <Filter>Form Files</Filter>
    </CustomBuild>
    <CustomBuild Include="painter\base_board.h">
      <Filter>Header Files</Filter>
    </CustomBuild>
    <CustomBuild Include="painter\draw_board.h">
      <Filter>Header Files</Filter>
    </CustomBuild>
    <CustomBuild Include="image_view\imageviewform.h">
      <Filter>Header Files</Filter>
    </CustomBuild>
    <CustomBuild Include="image_view\imageviewtoolform.h">
      <Filter>Header Files</Filter>
    </CustomBuild>
  </ItemGroup>
  <ItemGroup>
    <ClInclude Include="common\windows_manager\windows_manage.h">
      <Filter>Header Files</Filter>
    </ClInclude>
    <ClInclude Include="messagebox\msghint.h">
      <Filter>Header Files</Filter>
    </ClInclude>
    <ClInclude Include="painter\draw_unit.h">
      <Filter>Header Files</Filter>
    </ClInclude>
    <ClInclude Include="painter\paint_data.h">
      <Filter>Header Files</Filter>
    </ClInclude>
    <ClInclude Include="painter\paint_widget.h">
      <Filter>Header Files</Filter>
    </ClInclude>
    <ClInclude Include="GeneratedFiles\ui_imageclipform.h">
      <Filter>Header Files</Filter>
    </ClInclude>
    <ClInclude Include="GeneratedFiles\ui_imageviewform.h">
      <Filter>Header Files</Filter>
    </ClInclude>
    <ClInclude Include="GeneratedFiles\ui_imageviewtoolform.h">
      <Filter>Header Files</Filter>
    </ClInclude>
    <ClInclude Include="GeneratedFiles\ui_msgbox.h">
      <Filter>Header Files</Filter>
    </ClInclude>
    <ClInclude Include="GeneratedFiles\ui_msgbox.h">
      <Filter>Generated Files</Filter>
    </ClInclude>
    <ClInclude Include="image_util\image_util.h">
      <Filter>Header Files</Filter>
    </ClInclude>
    <ClInclude Include="image_view\image_view_manager.h">
      <Filter>Header Files</Filter>
    </ClInclude>
  </ItemGroup>
  <ItemGroup>
    <ClCompile Include="common\windows_manager\windows_manage.cpp">
      <Filter>Source Files</Filter>
    </ClCompile>
    <ClCompile Include="messagebox\msgbox.cpp">
      <Filter>Source Files</Filter>
    </ClCompile>
    <ClCompile Include="GeneratedFiles\Debug\moc_msgbox.cpp">
      <Filter>Generated Files\Debug</Filter>
    </ClCompile>
    <ClCompile Include="GeneratedFiles\Release\moc_msgbox.cpp">
      <Filter>Generated Files\Release</Filter>
    </ClCompile>
    <ClCompile Include="messagebox\msghint.cpp">
      <Filter>Source Files</Filter>
    </ClCompile>
    <ClCompile Include="toast\stoast.cpp">
      <Filter>Source Files</Filter>
    </ClCompile>
    <ClCompile Include="GeneratedFiles\Debug\moc_stoast.cpp">
      <Filter>Generated Files\Debug</Filter>
    </ClCompile>
    <ClCompile Include="GeneratedFiles\Release\moc_stoast.cpp">
      <Filter>Generated Files\Release</Filter>
    </ClCompile>
    <ClCompile Include="common\base\basewindow.cpp">
      <Filter>Source Files</Filter>
    </ClCompile>
    <ClCompile Include="GeneratedFiles\Debug\moc_basewindow.cpp">
      <Filter>Generated Files\Debug</Filter>
    </ClCompile>
    <ClCompile Include="GeneratedFiles\Release\moc_basewindow.cpp">
      <Filter>Generated Files\Release</Filter>
    </ClCompile>
    <ClCompile Include="image_clip\imageclipform.cpp">
      <Filter>Source Files</Filter>
    </ClCompile>
    <ClCompile Include="GeneratedFiles\Debug\moc_imageclipform.cpp">
      <Filter>Generated Files\Debug</Filter>
    </ClCompile>
    <ClCompile Include="GeneratedFiles\Release\moc_imageclipform.cpp">
      <Filter>Generated Files\Release</Filter>
    </ClCompile>
    <ClCompile Include="GeneratedFiles\Debug\moc_imageviewform.cpp">
      <Filter>Generated Files\Debug</Filter>
    </ClCompile>
    <ClCompile Include="GeneratedFiles\Release\moc_imageviewform.cpp">
      <Filter>Generated Files\Release</Filter>
    </ClCompile>
    <ClCompile Include="GeneratedFiles\Debug\moc_imageviewtoolform.cpp">
      <Filter>Generated Files\Debug</Filter>
    </ClCompile>
    <ClCompile Include="GeneratedFiles\Release\moc_imageviewtoolform.cpp">
      <Filter>Generated Files\Release</Filter>
    </ClCompile>
    <ClCompile Include="common\base\basewindow.cpp">
      <Filter>Source Files</Filter>
    </ClCompile>
    <ClCompile Include="GeneratedFiles\Debug\moc_basewindow.cpp">
      <Filter>Generated Files\Debug</Filter>
    </ClCompile>
    <ClCompile Include="GeneratedFiles\Release\moc_basewindow.cpp">
      <Filter>Generated Files\Release</Filter>
    </ClCompile>
    <ClCompile Include="common\windows_manager\windows_manage.cpp">
      <Filter>Source Files</Filter>
    </ClCompile>
    <ClCompile Include="painter\draw_unit.cpp">
      <Filter>Source Files</Filter>
    </ClCompile>
    <ClCompile Include="painter\paint_image.cpp">
      <Filter>Source Files</Filter>
    </ClCompile>
    <ClCompile Include="GeneratedFiles\Debug\moc_paint_image.cpp">
      <Filter>Generated Files\Debug</Filter>
    </ClCompile>
    <ClCompile Include="GeneratedFiles\Release\moc_paint_image.cpp">
      <Filter>Generated Files\Release</Filter>
    </ClCompile>
    <ClCompile Include="painter\paint_widget.cpp">
      <Filter>Source Files</Filter>
    </ClCompile>
    <ClCompile Include="image_util\image_util.cpp">
      <Filter>Source Files</Filter>
    </ClCompile>
    <ClCompile Include="painter\base_board.cpp">
      <Filter>Source Files</Filter>
    </ClCompile>
    <ClCompile Include="GeneratedFiles\Debug\moc_base_board.cpp">
      <Filter>Generated Files\Debug</Filter>
    </ClCompile>
    <ClCompile Include="GeneratedFiles\Release\moc_base_board.cpp">
      <Filter>Generated Files\Release</Filter>
    </ClCompile>
    <ClCompile Include="GeneratedFiles\Debug\moc_draw_board.cpp">
      <Filter>Generated Files\Debug</Filter>
    </ClCompile>
    <ClCompile Include="GeneratedFiles\Release\moc_draw_board.cpp">
      <Filter>Generated Files\Release</Filter>
    </ClCompile>
    <ClCompile Include="painter\draw_board.cpp">
      <Filter>Source Files</Filter>
    </ClCompile>
    <ClCompile Include="image_view\image_view_manager.cpp">
      <Filter>Source Files</Filter>
    </ClCompile>
    <ClCompile Include="image_view\imageviewform.cpp">
      <Filter>Source Files</Filter>
    </ClCompile>
    <ClCompile Include="image_view\imageviewtoolform.cpp">
      <Filter>Source Files</Filter>
    </ClCompile>
  </ItemGroup>
</Project>