<?xml version="1.0" encoding="utf-8"?>
<Project ToolsVersion="4.0" xmlns="http://schemas.microsoft.com/developer/msbuild/2003">
  <ItemGroup>
    <Filter Include="Generated Files">
      <UniqueIdentifier>{71ED8ED8-ACB9-4CE9-BBE1-E00B30144E11}</UniqueIdentifier>
      <Extensions>cpp;c;cxx;moc;h;def;odl;idl;res;</Extensions>
    </Filter>
    <Filter Include="Generated Files">
      <UniqueIdentifier>{71ED8ED8-ACB9-4CE9-BBE1-E00B30144E11}</UniqueIdentifier>
      <Extensions>cpp;c;cxx;moc;h;def;odl;idl;res;</Extensions>
    </Filter>
    <Filter Include="Header Files">
      <UniqueIdentifier>{93995380-89BD-4b04-88EB-625FBE52EBFB}</UniqueIdentifier>
      <Extensions>h;hpp;hxx;hm;inl;inc;xsd</Extensions>
    </Filter>
    <Filter Include="Header Files">
      <UniqueIdentifier>{93995380-89BD-4b04-88EB-625FBE52EBFB}</UniqueIdentifier>
      <Extensions>h;hpp;hxx;hm;inl;inc;xsd</Extensions>
    </Filter>
    <Filter Include="Source Files">
      <UniqueIdentifier>{4FC737F1-C7A5-4376-A066-2A32D752A2FF}</UniqueIdentifier>
      <Extensions>cpp;c;cxx;def;odl;idl;hpj;bat;asm;asmx</Extensions>
    </Filter>
    <Filter Include="Source Files">
      <UniqueIdentifier>{4FC737F1-C7A5-4376-A066-2A32D752A2FF}</UniqueIdentifier>
      <Extensions>cpp;c;cxx;def;odl;idl;hpj;bat;asm;asmx</Extensions>
    </Filter>
    <Filter Include="Generated Files\Debug">
      <UniqueIdentifier>{fc05ceb8-f721-49e9-bd8e-081e087201b9}</UniqueIdentifier>
      <Extensions>cpp;moc</Extensions>
      <SourceControlFiles>False</SourceControlFiles>
    </Filter>
    <Filter Include="Generated Files\Release">
      <UniqueIdentifier>{3b5df0d7-b67f-4b3e-a642-0b68e3ac48d2}</UniqueIdentifier>
      <Extensions>cpp;moc</Extensions>
      <SourceControlFiles>False</SourceControlFiles>
    </Filter>
  </ItemGroup>
  <ItemGroup>
    <Filter Include="Source Files\src" />
  </ItemGroup>
  <ItemGroup>
    <Filter Include="Source Files\src\handler" />
  </ItemGroup>
  <ItemGroup>
    <Filter Include="Source Files\src\handler\BrowserDelegates" />
  </ItemGroup>
  <ItemGroup>
    <ClCompile Include="stdafx.cpp">
      <Filter>Generated Files</Filter>
    </ClCompile>
    <ClCompile Include="src\QCefEvent.cpp">
      <Filter>Generated Files</Filter>
    </ClCompile>
    <ClCompile Include="src\QCefInvoker.cpp">
      <Filter>Generated Files</Filter>
    </ClCompile>
    <ClCompile Include="src\QCefQuery.cpp">
      <Filter>Generated Files</Filter>
    </ClCompile>
    <ClCompile Include="src\QCefSetting.cpp">
      <Filter>Generated Files</Filter>
    </ClCompile>
    <ClCompile Include="src\QCefView.cpp">
      <Filter>Generated Files</Filter>
    </ClCompile>
    <ClCompile Include="src\main\CCefCookie.cpp">
      <Filter>Generated Files</Filter>
    </ClCompile>
    <ClCompile Include="src\main\CCefSetting.cpp">
      <Filter>Generated Files</Filter>
    </ClCompile>
    <ClCompile Include="src\main\CCefWindow.cpp">
      <Filter>Generated Files</Filter>
    </ClCompile>
    <ClCompile Include="GeneratedFiles\Debug\moc_CCefWindow.cpp">
      <Filter>Generated Files\Debug</Filter>
    </ClCompile>
    <ClCompile Include="GeneratedFiles\Release\moc_CCefWindow.cpp">
      <Filter>Generated Files\Release</Filter>
    </ClCompile>
    <ClCompile Include="src\handler\QCefContextMenuHandler.cpp">
      <Filter>Generated Files</Filter>
    </ClCompile>
    <ClCompile Include="src\handler\QCefCookieVisitor.cpp">
      <Filter>Generated Files</Filter>
    </ClCompile>
    <ClCompile Include="GeneratedFiles\Debug\moc_QCefCookieVisitor.cpp">
      <Filter>Generated Files\Debug</Filter>
    </ClCompile>
    <ClCompile Include="GeneratedFiles\Release\moc_QCefCookieVisitor.cpp">
      <Filter>Generated Files\Release</Filter>
    </ClCompile>
    <ClCompile Include="src\handler\QCefDialogHandler.cpp">
      <Filter>Generated Files</Filter>
    </ClCompile>
    <ClCompile Include="src\handler\QCefDisplayHandler.cpp">
      <Filter>Generated Files</Filter>
    </ClCompile>
    <ClCompile Include="src\handler\QCefDownloadHandler.cpp">
      <Filter>Generated Files</Filter>
    </ClCompile>
    <ClCompile Include="src\handler\QCefDragHandler.cpp">
      <Filter>Generated Files</Filter>
    </ClCompile>
    <ClCompile Include="src\handler\QCefFocusHandler.cpp">
      <Filter>Generated Files</Filter>
    </ClCompile>
    <ClCompile Include="src\handler\QCefJSDialogHandler.cpp">
      <Filter>Generated Files</Filter>
    </ClCompile>
    <ClCompile Include="src\handler\QCefKeyboardHandler.cpp">
      <Filter>Generated Files</Filter>
    </ClCompile>
    <ClCompile Include="src\handler\QCefLifeSpanHandler.cpp">
      <Filter>Generated Files</Filter>
    </ClCompile>
    <ClCompile Include="src\handler\QCefLoadHandler.cpp">
      <Filter>Generated Files</Filter>
    </ClCompile>
    <ClCompile Include="src\handler\QCefQueryHandler.cpp">
      <Filter>Generated Files</Filter>
    </ClCompile>
    <ClCompile Include="src\handler\QCefRequestHandler.cpp">
      <Filter>Generated Files</Filter>
    </ClCompile>
    <ClCompile Include="src\handler\QCefViewBrowserApp.cpp">
      <Filter>Generated Files</Filter>
    </ClCompile>
    <ClCompile Include="src\handler\QCefViewBrowserAppHelper.cpp">
      <Filter>Generated Files</Filter>
    </ClCompile>
    <ClCompile Include="src\handler\QCefViewBrowserHandler.cpp">
      <Filter>Generated Files</Filter>
    </ClCompile>
    <ClCompile Include="src\handler\BrowserDelegates\QCefViewDefaultBrowserDelegate.cpp">
      <Filter>Generated Files</Filter>
    </ClCompile>
    <ClCompile Include="src\handler\SchemeHandlers\QCefViewDefaultSchemeHandler.cpp">
      <Filter>Generated Files</Filter>
    </ClCompile>
    <ClCompile Include="GeneratedFiles\Debug\moc_QCefEvent.cpp">
      <Filter>Generated Files\Debug</Filter>
    </ClCompile>
    <ClCompile Include="GeneratedFiles\Release\moc_QCefEvent.cpp">
      <Filter>Generated Files\Release</Filter>
    </ClCompile>
    <ClCompile Include="GeneratedFiles\Debug\moc_QCefView.cpp">
      <Filter>Generated Files\Debug</Filter>
    </ClCompile>
    <ClCompile Include="GeneratedFiles\Release\moc_QCefView.cpp">
      <Filter>Generated Files\Release</Filter>
    </ClCompile>
    <ClCompile Include="src\cef_manager.cpp">
      <Filter>Generated Files</Filter>
    </ClCompile>
    <ClCompile Include="GeneratedFiles\Debug\moc_customcefview.cpp">
      <Filter>Generated Files\Debug</Filter>
    </ClCompile>
    <ClCompile Include="GeneratedFiles\Release\moc_customcefview.cpp">
      <Filter>Generated Files\Release</Filter>
    </ClCompile>
    <ClCompile Include="src\customcefview.cpp">
      <Filter>Generated Files</Filter>
    </ClCompile>
  </ItemGroup>
  <ItemGroup>
    <Filter Include="Source Files\src\handler\SchemeHandlers" />
  </ItemGroup>
  <ItemGroup>
    <Filter Include="Source Files\src\main" />
  </ItemGroup>
  <ItemGroup>
    <Filter Include="Header Files\.." />
  </ItemGroup>
  <ItemGroup>
    <Filter Include="Header Files\..\.." />
  </ItemGroup>
  <ItemGroup>
    <Filter Include="Header Files\..\..\QCefViewSDK" />
  </ItemGroup>
  <ItemGroup>
    <Filter Include="Header Files\..\..\QCefViewSDK\inc" />
  </ItemGroup>
  <ItemGroup>
    <ClInclude Include="stdafx.h">
      <Filter>Generated Files</Filter>
    </ClInclude>
    <ClInclude Include="src\main\CCefCookie.h">
      <Filter>Generated Files</Filter>
    </ClInclude>
    <ClInclude Include="src\main\CCefSetting.h">
      <Filter>Generated Files</Filter>
    </ClInclude>
    <ClInclude Include="src\handler\QCefContextMenuHandler.h">
      <Filter>Generated Files</Filter>
    </ClInclude>
    <ClInclude Include="src\handler\QCefDialogHandler.h">
      <Filter>Generated Files</Filter>
    </ClInclude>
    <ClInclude Include="src\handler\QCefDisplayHandler.h">
      <Filter>Generated Files</Filter>
    </ClInclude>
    <ClInclude Include="src\handler\QCefDownloadHandler.h">
      <Filter>Generated Files</Filter>
    </ClInclude>
    <ClInclude Include="src\handler\QCefDragHandler.h">
      <Filter>Generated Files</Filter>
    </ClInclude>
    <ClInclude Include="src\handler\QCefFocusHandler.h">
      <Filter>Generated Files</Filter>
    </ClInclude>
    <ClInclude Include="src\handler\QCefJSDialogHandler.h">
      <Filter>Generated Files</Filter>
    </ClInclude>
    <ClInclude Include="src\handler\QCefKeyboardHandler.h">
      <Filter>Generated Files</Filter>
    </ClInclude>
    <ClInclude Include="src\handler\QCefLifeSpanHandler.h">
      <Filter>Generated Files</Filter>
    </ClInclude>
    <ClInclude Include="src\handler\QCefLoadHandler.h">
      <Filter>Generated Files</Filter>
    </ClInclude>
    <ClInclude Include="src\handler\QCefQueryHandler.h">
      <Filter>Generated Files</Filter>
    </ClInclude>
    <ClInclude Include="src\handler\QCefRequestHandler.h">
      <Filter>Generated Files</Filter>
    </ClInclude>
    <ClInclude Include="src\handler\QCefViewBrowserApp.h">
      <Filter>Generated Files</Filter>
    </ClInclude>
    <ClInclude Include="src\handler\QCefViewBrowserHandler.h">
      <Filter>Generated Files</Filter>
    </ClInclude>
    <ClInclude Include="src\handler\BrowserDelegates\QCefViewDefaultBrowserDelegate.h">
      <Filter>Generated Files</Filter>
    </ClInclude>
    <ClInclude Include="src\handler\SchemeHandlers\QCefViewDefaultSchemeHandler.h">
      <Filter>Generated Files</Filter>
    </ClInclude>
    <ClInclude Include="inc\Common.h">
      <Filter>Generated Files</Filter>
    </ClInclude>
    <ClInclude Include="inc\QCefCommon.h">
      <Filter>Generated Files</Filter>
    </ClInclude>
    <ClInclude Include="inc\QCefInvoker.h">
      <Filter>Generated Files</Filter>
    </ClInclude>
    <ClInclude Include="inc\QCefQuery.h">
      <Filter>Generated Files</Filter>
    </ClInclude>
    <ClInclude Include="inc\QCefSetting.h">
      <Filter>Generated Files</Filter>
    </ClInclude>
    <ClInclude Include="src\cef_manager.h">
      <Filter>Generated Files</Filter>
    </ClInclude>
  </ItemGroup>
  <ItemGroup>
    <Filter Include="Header Files\..\public" />
  </ItemGroup>
  <ItemGroup>
    <Filter Include="Header Files\src" />
  </ItemGroup>
  <ItemGroup>
    <Filter Include="Header Files\src\handler" />
  </ItemGroup>
  <ItemGroup>
    <Filter Include="Header Files\src\handler\BrowserDelegates" />
  </ItemGroup>
  <ItemGroup>
    <Filter Include="Header Files\src\handler\SchemeHandlers" />
  </ItemGroup>
  <ItemGroup>
    <CustomBuild Include="src\main\CCefWindow.h">
      <Filter>Generated Files</Filter>
    </CustomBuild>
    <CustomBuild Include="src\handler\QCefCookieVisitor.h">
      <Filter>Generated Files</Filter>
    </CustomBuild>
    <CustomBuild Include="inc\QCefEvent.h">
      <Filter>Generated Files</Filter>
    </CustomBuild>
    <CustomBuild Include="inc\QCefView.h">
      <Filter>Generated Files</Filter>
    </CustomBuild>
    <CustomBuild Include="inc\customcefview.h">
      <Filter>Generated Files</Filter>
    </CustomBuild>
  </ItemGroup>
  <ItemGroup>
    <Filter Include="Header Files\src\main" />
  </ItemGroup>
  <ItemGroup>
    <Filter Include="Generated Files\temp" />
  </ItemGroup>
  <ItemGroup>
    <Filter Include="Generated Files\temp\moc" />
  </ItemGroup>
  <ItemGroup>
    <ResourceCompile Include="QCefView.rc" />
  </ItemGroup>
</Project>