<?xml version="1.0" encoding="utf-8"?>
<Project ToolsVersion="4.0" xmlns="http://schemas.microsoft.com/developer/msbuild/2003">
  <ItemGroup>
    <Filter Include="Source Files">
      <UniqueIdentifier>{4FC737F1-C7A5-4376-A066-2A32D752A2FF}</UniqueIdentifier>
      <Extensions>cpp;c;cc;cxx;def;odl;idl;hpj;bat;asm;asmx</Extensions>
    </Filter>
    <Filter Include="Header Files">
      <UniqueIdentifier>{93995380-89BD-4b04-88EB-625FBE52EBFB}</UniqueIdentifier>
      <Extensions>h;hh;hpp;hxx;hm;inl;inc;xsd</Extensions>
    </Filter>
    <Filter Include="Resource Files">
      <UniqueIdentifier>{D9D6E242-F8AF-46E4-B9FD-80ECBC20BA3E}</UniqueIdentifier>
      <Extensions>qrc;*</Extensions>
      <ParseFiles>false</ParseFiles>
    </Filter>
    <Filter Include="Resource Files">
      <UniqueIdentifier>{D9D6E242-F8AF-46E4-B9FD-80ECBC20BA3E}</UniqueIdentifier>
      <Extensions>qrc;*</Extensions>
      <ParseFiles>false</ParseFiles>
    </Filter>
    <Filter Include="Generated Files">
      <UniqueIdentifier>{71ED8ED8-ACB9-4CE9-BBE1-E00B30144E11}</UniqueIdentifier>
      <Extensions>moc;h;cpp</Extensions>
      <SourceControlFiles>False</SourceControlFiles>
    </Filter>
  </ItemGroup>
  <ItemGroup>
    <ClCompile Include="api\nim_chatroom_cpp.cpp">
      <Filter>Source Files</Filter>
    </ClCompile>
    <ClCompile Include="api\nim_cpp_client.cpp">
      <Filter>Source Files</Filter>
    </ClCompile>
    <ClCompile Include="api\nim_cpp_data_sync.cpp">
      <Filter>Source Files</Filter>
    </ClCompile>
    <ClCompile Include="api\nim_cpp_doc_trans.cpp">
      <Filter>Source Files</Filter>
    </ClCompile>
    <ClCompile Include="api\nim_cpp_friend.cpp">
      <Filter>Source Files</Filter>
    </ClCompile>
    <ClCompile Include="api\nim_cpp_global.cpp">
      <Filter>Source Files</Filter>
    </ClCompile>
    <ClCompile Include="api\nim_cpp_msglog.cpp">
      <Filter>Source Files</Filter>
    </ClCompile>
    <ClCompile Include="api\nim_cpp_nos.cpp">
      <Filter>Source Files</Filter>
    </ClCompile>
    <ClCompile Include="api\nim_cpp_plugin_in.cpp">
      <Filter>Source Files</Filter>
    </ClCompile>
    <ClCompile Include="api\nim_cpp_rts.cpp">
      <Filter>Source Files</Filter>
    </ClCompile>
    <ClCompile Include="api\nim_cpp_session.cpp">
      <Filter>Source Files</Filter>
    </ClCompile>
    <ClCompile Include="api\nim_cpp_sysmsg.cpp">
      <Filter>Source Files</Filter>
    </ClCompile>
    <ClCompile Include="api\nim_cpp_talk.cpp">
      <Filter>Source Files</Filter>
    </ClCompile>
    <ClCompile Include="api\nim_cpp_team.cpp">
      <Filter>Source Files</Filter>
    </ClCompile>
    <ClCompile Include="api\nim_cpp_tool.cpp">
      <Filter>Source Files</Filter>
    </ClCompile>
    <ClCompile Include="api\nim_cpp_user.cpp">
      <Filter>Source Files</Filter>
    </ClCompile>
    <ClCompile Include="api\nim_cpp_vchat.cpp">
      <Filter>Source Files</Filter>
    </ClCompile>
    <ClCompile Include="helper\nim_chatroom_helper.cpp">
      <Filter>Source Files</Filter>
    </ClCompile>
    <ClCompile Include="helper\nim_client_helper.cpp">
      <Filter>Source Files</Filter>
    </ClCompile>
    <ClCompile Include="helper\nim_doc_trans_helper.cpp">
      <Filter>Source Files</Filter>
    </ClCompile>
    <ClCompile Include="helper\nim_file_helper.cpp">
      <Filter>Source Files</Filter>
    </ClCompile>
    <ClCompile Include="helper\nim_friend_helper.cpp">
      <Filter>Source Files</Filter>
    </ClCompile>
    <ClCompile Include="helper\nim_msg_helper.cpp">
      <Filter>Source Files</Filter>
    </ClCompile>
    <ClCompile Include="helper\nim_msglog_helper.cpp">
      <Filter>Source Files</Filter>
    </ClCompile>
    <ClCompile Include="helper\nim_nos_helper.cpp">
      <Filter>Source Files</Filter>
    </ClCompile>
    <ClCompile Include="helper\nim_session_helper.cpp">
      <Filter>Source Files</Filter>
    </ClCompile>
    <ClCompile Include="helper\nim_sysmsg_helper.cpp">
      <Filter>Source Files</Filter>
    </ClCompile>
    <ClCompile Include="helper\nim_talk_helper.cpp">
      <Filter>Source Files</Filter>
    </ClCompile>
    <ClCompile Include="helper\nim_team_helper.cpp">
      <Filter>Source Files</Filter>
    </ClCompile>
    <ClCompile Include="helper\nim_tool_helper.cpp">
      <Filter>Source Files</Filter>
    </ClCompile>
    <ClCompile Include="helper\nim_user_helper.cpp">
      <Filter>Source Files</Filter>
    </ClCompile>
    <ClCompile Include="third_party\convert_utf\convert_utf.c">
      <Filter>Source Files</Filter>
    </ClCompile>
    <ClCompile Include="util\nim_json_util.cpp">
      <Filter>Source Files</Filter>
    </ClCompile>
    <ClCompile Include="util\nim_sdk_util.cpp">
      <Filter>Source Files</Filter>
    </ClCompile>
    <ClCompile Include="util\nim_string_util.cpp">
      <Filter>Source Files</Filter>
    </ClCompile>
    <ClCompile Include="api\nim_audio_cpp.cpp">
      <Filter>Source Files</Filter>
    </ClCompile>
    <ClCompile Include="api\nim_tools_http_cpp.cpp">
      <Filter>Source Files</Filter>
    </ClCompile>
  </ItemGroup>
  <ItemGroup>
    <ClInclude Include="api\nim_chatroom_cpp.h">
      <Filter>Header Files</Filter>
    </ClInclude>
    <ClInclude Include="api\nim_cpp_client.h">
      <Filter>Header Files</Filter>
    </ClInclude>
    <ClInclude Include="api\nim_cpp_data_sync.h">
      <Filter>Header Files</Filter>
    </ClInclude>
    <ClInclude Include="api\nim_cpp_doc_trans.h">
      <Filter>Header Files</Filter>
    </ClInclude>
    <ClInclude Include="api\nim_cpp_friend.h">
      <Filter>Header Files</Filter>
    </ClInclude>
    <ClInclude Include="api\nim_cpp_global.h">
      <Filter>Header Files</Filter>
    </ClInclude>
    <ClInclude Include="api\nim_cpp_msglog.h">
      <Filter>Header Files</Filter>
    </ClInclude>
    <ClInclude Include="api\nim_cpp_nos.h">
      <Filter>Header Files</Filter>
    </ClInclude>
    <ClInclude Include="api\nim_cpp_plugin_in.h">
      <Filter>Header Files</Filter>
    </ClInclude>
    <ClInclude Include="api\nim_cpp_rts.h">
      <Filter>Header Files</Filter>
    </ClInclude>
    <ClInclude Include="api\nim_cpp_session.h">
      <Filter>Header Files</Filter>
    </ClInclude>
    <ClInclude Include="api\nim_cpp_sysmsg.h">
      <Filter>Header Files</Filter>
    </ClInclude>
    <ClInclude Include="api\nim_cpp_talk.h">
      <Filter>Header Files</Filter>
    </ClInclude>
    <ClInclude Include="api\nim_cpp_team.h">
      <Filter>Header Files</Filter>
    </ClInclude>
    <ClInclude Include="api\nim_cpp_tool.h">
      <Filter>Header Files</Filter>
    </ClInclude>
    <ClInclude Include="api\nim_cpp_user.h">
      <Filter>Header Files</Filter>
    </ClInclude>
    <ClInclude Include="api\nim_cpp_vchat.h">
      <Filter>Header Files</Filter>
    </ClInclude>
    <ClInclude Include="helper\nim_chatroom_helper.h">
      <Filter>Header Files</Filter>
    </ClInclude>
    <ClInclude Include="helper\nim_client_helper.h">
      <Filter>Header Files</Filter>
    </ClInclude>
    <ClInclude Include="helper\nim_doc_trans_helper.h">
      <Filter>Header Files</Filter>
    </ClInclude>
    <ClInclude Include="helper\nim_file_helper.h">
      <Filter>Header Files</Filter>
    </ClInclude>
    <ClInclude Include="helper\nim_friend_helper.h">
      <Filter>Header Files</Filter>
    </ClInclude>
    <ClInclude Include="helper\nim_msg_helper.h">
      <Filter>Header Files</Filter>
    </ClInclude>
    <ClInclude Include="helper\nim_msglog_helper.h">
      <Filter>Header Files</Filter>
    </ClInclude>
    <ClInclude Include="helper\nim_nos_helper.h">
      <Filter>Header Files</Filter>
    </ClInclude>
    <ClInclude Include="helper\nim_session_helper.h">
      <Filter>Header Files</Filter>
    </ClInclude>
    <ClInclude Include="helper\nim_sysmsg_helper.h">
      <Filter>Header Files</Filter>
    </ClInclude>
    <ClInclude Include="helper\nim_talk_helper.h">
      <Filter>Header Files</Filter>
    </ClInclude>
    <ClInclude Include="helper\nim_team_helper.h">
      <Filter>Header Files</Filter>
    </ClInclude>
    <ClInclude Include="helper\nim_tool_helper.h">
      <Filter>Header Files</Filter>
    </ClInclude>
    <ClInclude Include="helper\nim_user_helper.h">
      <Filter>Header Files</Filter>
    </ClInclude>
    <ClInclude Include="third_party\convert_utf\convert_utf.h">
      <Filter>Header Files</Filter>
    </ClInclude>
    <ClInclude Include="util\nim_json_util.h">
      <Filter>Header Files</Filter>
    </ClInclude>
    <ClInclude Include="util\nim_sdk_util.h">
      <Filter>Header Files</Filter>
    </ClInclude>
    <ClInclude Include="util\nim_string_util.h">
      <Filter>Header Files</Filter>
    </ClInclude>
    <ClInclude Include="api\nim_audio_cpp.h">
      <Filter>Header Files</Filter>
    </ClInclude>
    <ClInclude Include="api\nim_tools_http_cpp.h">
      <Filter>Header Files</Filter>
    </ClInclude>
  </ItemGroup>
</Project>